
Microsoft Visual Studio Solution File, Format Version 12.00
# Visual Studio Version 17
VisualStudioVersion = 17.4.33213.308
MinimumVisualStudioVersion = 10.0.40219.1
Project("{FAE04EC0-301F-11D3-BF4B-00C04F79EFBC}") = "Events", "Events.csproj", "{DC58767A-10C7-4C8A-8F3E-67F4982AA590}"
EndProject
Global
	GlobalSection(SolutionConfigurationPlatforms) = preSolution
		Debug|Any CPU = Debug|Any CPU
		Release|Any CPU = Release|Any CPU
	EndGlobalSection
	GlobalSection(ProjectConfigurationPlatforms) = postSolution
		{DC58767A-10C7-4C8A-8F3E-67F4982AA590}.Debug|Any CPU.ActiveCfg = Debug|Any CPU
		{DC58767A-10C7-4C8A-8F3E-67F4982AA590}.Debug|Any CPU.Build.0 = Debug|Any CPU
		{DC58767A-10C7-4C8A-8F3E-67F4982AA590}.Release|Any CPU.ActiveCfg = Release|Any CPU
		{DC58767A-10C7-4C8A-8F3E-67F4982AA590}.Release|Any CPU.Build.0 = Release|Any CPU
	EndGlobalSection
	GlobalSection(SolutionProperties) = preSolution
		HideSolutionNode = FALSE
	EndGlobalSection
	GlobalSection(ExtensibilityGlobals) = postSolution
		SolutionGuid = {6E7733C8-54C4-47CE-AB1A-6E37C8C22CB8}
	EndGlobalSection
EndGlobal
